
Microsoft Visual Studio Solution File, Format Version 12.00
# Visual Studio Version 17
VisualStudioVersion = 17.3.32825.248
MinimumVisualStudioVersion = 10.0.40219.1
Project("{FAE04EC0-301F-11D3-BF4B-00C04F79EFBC}") = "practicalExam", "practicalExam\practicalExam.csproj", "{5D9FE91D-16BB-4CE6-BE47-F615D7C0FFD5}"
EndProject
Global
	GlobalSection(SolutionConfigurationPlatforms) = preSolution
		Debug|Any CPU = Debug|Any CPU
		Release|Any CPU = Release|Any CPU
	EndGlobalSection
	GlobalSection(ProjectConfigurationPlatforms) = postSolution
		{5D9FE91D-16BB-4CE6-BE47-F615D7C0FFD5}.Debug|Any CPU.ActiveCfg = Debug|Any CPU
		{5D9FE91D-16BB-4CE6-BE47-F615D7C0FFD5}.Debug|Any CPU.Build.0 = Debug|Any CPU
		{5D9FE91D-16BB-4CE6-BE47-F615D7C0FFD5}.Release|Any CPU.ActiveCfg = Release|Any CPU
		{5D9FE91D-16BB-4CE6-BE47-F615D7C0FFD5}.Release|Any CPU.Build.0 = Release|Any CPU
	EndGlobalSection
	GlobalSection(SolutionProperties) = preSolution
		HideSolutionNode = FALSE
	EndGlobalSection
	GlobalSection(ExtensibilityGlobals) = postSolution
		SolutionGuid = {974830E2-230C-458C-8D8A-A9691B341F3C}
	EndGlobalSection
EndGlobal
